
Microsoft Visual Studio Solution File, Format Version 12.00
# Visual Studio Version 17
VisualStudioVersion = 17.11.35431.28
MinimumVisualStudioVersion = 10.0.40219.1
Project("{FAE04EC0-301F-11D3-BF4B-00C04F79EFBC}") = "Proyecto_Wasi_Final", "Proyecto_Wasi_Final\Proyecto_Wasi_Final.csproj", "{365B026F-55B0-4CBF-9BB7-0465D9CF4144}"
EndProject
Global
	GlobalSection(SolutionConfigurationPlatforms) = preSolution
		Debug|Any CPU = Debug|Any CPU
		Release|Any CPU = Release|Any CPU
	EndGlobalSection
	GlobalSection(ProjectConfigurationPlatforms) = postSolution
		{365B026F-55B0-4CBF-9BB7-0465D9CF4144}.Debug|Any CPU.ActiveCfg = Debug|Any CPU
		{365B026F-55B0-4CBF-9BB7-0465D9CF4144}.Debug|Any CPU.Build.0 = Debug|Any CPU
		{365B026F-55B0-4CBF-9BB7-0465D9CF4144}.Release|Any CPU.ActiveCfg = Release|Any CPU
		{365B026F-55B0-4CBF-9BB7-0465D9CF4144}.Release|Any CPU.Build.0 = Release|Any CPU
	EndGlobalSection
	GlobalSection(SolutionProperties) = preSolution
		HideSolutionNode = FALSE
	EndGlobalSection
	GlobalSection(ExtensibilityGlobals) = postSolution
		SolutionGuid = {9453C5ED-A5CC-42BC-90E7-0ED602679429}
	EndGlobalSection
EndGlobal
